
Microsoft Visual Studio Solution File, Format Version 12.00
# Visual Studio Version 17
VisualStudioVersion = 17.2.32519.379
MinimumVisualStudioVersion = 10.0.40219.1
Project("{FAE04EC0-301F-11D3-BF4B-00C04F79EFBC}") = "UnitTesting2.Tests", "UnitTesting\UnitTesting2.Tests.csproj", "{6EFCCE98-E0A1-4F9C-88E0-16E4F490303D}"
EndProject
Project("{FAE04EC0-301F-11D3-BF4B-00C04F79EFBC}") = "UnitTesting", "UnitTesting.Test\UnitTesting.csproj", "{13BE4762-E542-4B94-8577-8D2C44166471}"
EndProject
Global
	GlobalSection(SolutionConfigurationPlatforms) = preSolution
		Debug|Any CPU = Debug|Any CPU
		Release|Any CPU = Release|Any CPU
	EndGlobalSection
	GlobalSection(ProjectConfigurationPlatforms) = postSolution
		{6EFCCE98-E0A1-4F9C-88E0-16E4F490303D}.Debug|Any CPU.ActiveCfg = Debug|Any CPU
		{6EFCCE98-E0A1-4F9C-88E0-16E4F490303D}.Debug|Any CPU.Build.0 = Debug|Any CPU
		{6EFCCE98-E0A1-4F9C-88E0-16E4F490303D}.Release|Any CPU.ActiveCfg = Release|Any CPU
		{6EFCCE98-E0A1-4F9C-88E0-16E4F490303D}.Release|Any CPU.Build.0 = Release|Any CPU
		{13BE4762-E542-4B94-8577-8D2C44166471}.Debug|Any CPU.ActiveCfg = Debug|Any CPU
		{13BE4762-E542-4B94-8577-8D2C44166471}.Debug|Any CPU.Build.0 = Debug|Any CPU
		{13BE4762-E542-4B94-8577-8D2C44166471}.Release|Any CPU.ActiveCfg = Release|Any CPU
		{13BE4762-E542-4B94-8577-8D2C44166471}.Release|Any CPU.Build.0 = Release|Any CPU
	EndGlobalSection
	GlobalSection(SolutionProperties) = preSolution
		HideSolutionNode = FALSE
	EndGlobalSection
	GlobalSection(ExtensibilityGlobals) = postSolution
		SolutionGuid = {A23F0582-1E05-4CC5-9CA4-6A9EE3501BEE}
	EndGlobalSection
EndGlobal
